
Microsoft Visual Studio Solution File, Format Version 12.00
# Visual Studio Version 16
VisualStudioVersion = 16.0.33130.400
MinimumVisualStudioVersion = 10.0.40219.1
Project("{FAE04EC0-301F-11D3-BF4B-00C04F79EFBC}") = "Mission2Assignment", "Mission2Assignment\Mission2Assignment.csproj", "{CC12D69D-3986-4394-B4CA-407E4ACBC5A9}"
EndProject
Global
	GlobalSection(SolutionConfigurationPlatforms) = preSolution
		Debug|Any CPU = Debug|Any CPU
		Release|Any CPU = Release|Any CPU
	EndGlobalSection
	GlobalSection(ProjectConfigurationPlatforms) = postSolution
		{CC12D69D-3986-4394-B4CA-407E4ACBC5A9}.Debug|Any CPU.ActiveCfg = Debug|Any CPU
		{CC12D69D-3986-4394-B4CA-407E4ACBC5A9}.Debug|Any CPU.Build.0 = Debug|Any CPU
		{CC12D69D-3986-4394-B4CA-407E4ACBC5A9}.Release|Any CPU.ActiveCfg = Release|Any CPU
		{CC12D69D-3986-4394-B4CA-407E4ACBC5A9}.Release|Any CPU.Build.0 = Release|Any CPU
	EndGlobalSection
	GlobalSection(SolutionProperties) = preSolution
		HideSolutionNode = FALSE
	EndGlobalSection
	GlobalSection(ExtensibilityGlobals) = postSolution
		SolutionGuid = {8D4178A7-9C9D-4B1B-80C4-F855F937045A}
	EndGlobalSection
EndGlobal
